
Microsoft Visual Studio Solution File, Format Version 12.00
# Visual Studio Version 16
VisualStudioVersion = 16.0.30002.166
MinimumVisualStudioVersion = 10.0.40219.1
Project("{FAE04EC0-301F-11D3-BF4B-00C04F79EFBC}") = "RebarVisibility", "RebarVisibility\RebarVisibility.csproj", "{362B163C-68AF-4450-8B51-4F88C9E40DA6}"
EndProject
Global
	GlobalSection(SolutionConfigurationPlatforms) = preSolution
		R2017|Any CPU = R2017|Any CPU
		R2018|Any CPU = R2018|Any CPU
		R2019|Any CPU = R2019|Any CPU
		R2020|Any CPU = R2020|Any CPU
		R2021|Any CPU = R2021|Any CPU
		R2022|Any CPU = R2022|Any CPU
		R2023|Any CPU = R2023|Any CPU
		R2024|Any CPU = R2024|Any CPU
		R2025|Any CPU = R2025|Any CPU
	EndGlobalSection
	GlobalSection(ProjectConfigurationPlatforms) = postSolution
		{362B163C-68AF-4450-8B51-4F88C9E40DA6}.Debug|Any CPU.ActiveCfg = Debug|Any CPU
		{362B163C-68AF-4450-8B51-4F88C9E40DA6}.Debug|Any CPU.Build.0 = Debug|Any CPU
		{362B163C-68AF-4450-8B51-4F88C9E40DA6}.R2017|Any CPU.ActiveCfg = R2017|Any CPU
		{362B163C-68AF-4450-8B51-4F88C9E40DA6}.R2017|Any CPU.Build.0 = R2017|Any CPU
		{362B163C-68AF-4450-8B51-4F88C9E40DA6}.R2018|Any CPU.ActiveCfg = R2018|Any CPU
		{362B163C-68AF-4450-8B51-4F88C9E40DA6}.R2018|Any CPU.Build.0 = R2018|Any CPU
		{362B163C-68AF-4450-8B51-4F88C9E40DA6}.R2019|Any CPU.ActiveCfg = R2019|Any CPU
		{362B163C-68AF-4450-8B51-4F88C9E40DA6}.R2019|Any CPU.Build.0 = R2019|Any CPU
		{362B163C-68AF-4450-8B51-4F88C9E40DA6}.R2020|Any CPU.ActiveCfg = R2020|Any CPU
		{362B163C-68AF-4450-8B51-4F88C9E40DA6}.R2020|Any CPU.Build.0 = R2020|Any CPU
		{362B163C-68AF-4450-8B51-4F88C9E40DA6}.R2021|Any CPU.ActiveCfg = R2021|Any CPU
		{362B163C-68AF-4450-8B51-4F88C9E40DA6}.R2021|Any CPU.Build.0 = R2021|Any CPU
		{362B163C-68AF-4450-8B51-4F88C9E40DA6}.R2022|Any CPU.ActiveCfg = R2022|Any CPU
		{362B163C-68AF-4450-8B51-4F88C9E40DA6}.R2022|Any CPU.Build.0 = R2022|Any CPU
		{362B163C-68AF-4450-8B51-4F88C9E40DA6}.R2023|Any CPU.ActiveCfg = R2023|Any CPU
		{362B163C-68AF-4450-8B51-4F88C9E40DA6}.R2023|Any CPU.Build.0 = R2023|Any CPU
		{362B163C-68AF-4450-8B51-4F88C9E40DA6}.R2024|Any CPU.ActiveCfg = R2024|Any CPU
		{362B163C-68AF-4450-8B51-4F88C9E40DA6}.R2024|Any CPU.Build.0 = R2024|Any CPU
		{362B163C-68AF-4450-8B51-4F88C9E40DA6}.R2025|Any CPU.ActiveCfg = R2025|Any CPU
		{362B163C-68AF-4450-8B51-4F88C9E40DA6}.R2025|Any CPU.Build.0 = R2025|Any CPU
	EndGlobalSection
	GlobalSection(SolutionProperties) = preSolution
		HideSolutionNode = FALSE
	EndGlobalSection
	GlobalSection(ExtensibilityGlobals) = postSolution
		SolutionGuid = {19BAC05D-AF7F-4B90-8363-C80256A0665B}
	EndGlobalSection
EndGlobal
